
Microsoft Visual Studio Solution File, Format Version 11.00
# Visual Studio 2010
Project("{FAE04EC0-301F-11D3-BF4B-00C04F79EFBC}") = "Goul.Core", "Goul.Core\Goul.Core.csproj", "{76CDA4BA-D98C-40EA-A8E8-AD998A01E392}"
EndProject
Project("{FAE04EC0-301F-11D3-BF4B-00C04F79EFBC}") = "Goul.UnitTests", "Goul.UnitTests\Goul.UnitTests.csproj", "{7CD88305-0C63-4C60-A89E-C47EB8942411}"
EndProject
Project("{FAE04EC0-301F-11D3-BF4B-00C04F79EFBC}") = "Goul.Console", "Goul.Console\Goul.Console.csproj", "{16833F9D-3814-4906-8EFD-44C003BB8281}"
EndProject
Global
	GlobalSection(SolutionConfigurationPlatforms) = preSolution
		Debug|Any CPU = Debug|Any CPU
		Debug|Mixed Platforms = Debug|Mixed Platforms
		Debug|x86 = Debug|x86
		Release|Any CPU = Release|Any CPU
		Release|Mixed Platforms = Release|Mixed Platforms
		Release|x86 = Release|x86
	EndGlobalSection
	GlobalSection(ProjectConfigurationPlatforms) = postSolution
		{76CDA4BA-D98C-40EA-A8E8-AD998A01E392}.Debug|Any CPU.ActiveCfg = Debug|Any CPU
		{76CDA4BA-D98C-40EA-A8E8-AD998A01E392}.Debug|Any CPU.Build.0 = Debug|Any CPU
		{76CDA4BA-D98C-40EA-A8E8-AD998A01E392}.Debug|Mixed Platforms.ActiveCfg = Debug|Any CPU
		{76CDA4BA-D98C-40EA-A8E8-AD998A01E392}.Debug|Mixed Platforms.Build.0 = Debug|Any CPU
		{76CDA4BA-D98C-40EA-A8E8-AD998A01E392}.Debug|x86.ActiveCfg = Debug|Any CPU
		{76CDA4BA-D98C-40EA-A8E8-AD998A01E392}.Release|Any CPU.ActiveCfg = Release|Any CPU
		{76CDA4BA-D98C-40EA-A8E8-AD998A01E392}.Release|Any CPU.Build.0 = Release|Any CPU
		{76CDA4BA-D98C-40EA-A8E8-AD998A01E392}.Release|Mixed Platforms.ActiveCfg = Release|Any CPU
		{76CDA4BA-D98C-40EA-A8E8-AD998A01E392}.Release|Mixed Platforms.Build.0 = Release|Any CPU
		{76CDA4BA-D98C-40EA-A8E8-AD998A01E392}.Release|x86.ActiveCfg = Release|Any CPU
		{7CD88305-0C63-4C60-A89E-C47EB8942411}.Debug|Any CPU.ActiveCfg = Debug|Any CPU
		{7CD88305-0C63-4C60-A89E-C47EB8942411}.Debug|Any CPU.Build.0 = Debug|Any CPU
		{7CD88305-0C63-4C60-A89E-C47EB8942411}.Debug|Mixed Platforms.ActiveCfg = Debug|Any CPU
		{7CD88305-0C63-4C60-A89E-C47EB8942411}.Debug|Mixed Platforms.Build.0 = Debug|Any CPU
		{7CD88305-0C63-4C60-A89E-C47EB8942411}.Debug|x86.ActiveCfg = Debug|Any CPU
		{7CD88305-0C63-4C60-A89E-C47EB8942411}.Release|Any CPU.ActiveCfg = Release|Any CPU
		{7CD88305-0C63-4C60-A89E-C47EB8942411}.Release|Any CPU.Build.0 = Release|Any CPU
		{7CD88305-0C63-4C60-A89E-C47EB8942411}.Release|Mixed Platforms.ActiveCfg = Release|Any CPU
		{7CD88305-0C63-4C60-A89E-C47EB8942411}.Release|Mixed Platforms.Build.0 = Release|Any CPU
		{7CD88305-0C63-4C60-A89E-C47EB8942411}.Release|x86.ActiveCfg = Release|Any CPU
		{16833F9D-3814-4906-8EFD-44C003BB8281}.Debug|Any CPU.ActiveCfg = Debug|x86
		{16833F9D-3814-4906-8EFD-44C003BB8281}.Debug|Mixed Platforms.ActiveCfg = Debug|x86
		{16833F9D-3814-4906-8EFD-44C003BB8281}.Debug|Mixed Platforms.Build.0 = Debug|x86
		{16833F9D-3814-4906-8EFD-44C003BB8281}.Debug|x86.ActiveCfg = Debug|x86
		{16833F9D-3814-4906-8EFD-44C003BB8281}.Debug|x86.Build.0 = Debug|x86
		{16833F9D-3814-4906-8EFD-44C003BB8281}.Release|Any CPU.ActiveCfg = Release|x86
		{16833F9D-3814-4906-8EFD-44C003BB8281}.Release|Mixed Platforms.ActiveCfg = Release|x86
		{16833F9D-3814-4906-8EFD-44C003BB8281}.Release|Mixed Platforms.Build.0 = Release|x86
		{16833F9D-3814-4906-8EFD-44C003BB8281}.Release|x86.ActiveCfg = Release|x86
		{16833F9D-3814-4906-8EFD-44C003BB8281}.Release|x86.Build.0 = Release|x86
	EndGlobalSection
	GlobalSection(SolutionProperties) = preSolution
		HideSolutionNode = FALSE
	EndGlobalSection
EndGlobal
