
Microsoft Visual Studio Solution File, Format Version 11.00
# Visual Studio 2010
Project("{FAE04EC0-301F-11D3-BF4B-00C04F79EFBC}") = "Goul.UnitTests", "Goul.UnitTests\Goul.UnitTests.csproj", "{7CD88305-0C63-4C60-A89E-C47EB8942411}"
EndProject
Project("{FAE04EC0-301F-11D3-BF4B-00C04F79EFBC}") = "Goul.Console", "Goul.Console\Goul.Console.csproj", "{16833F9D-3814-4906-8EFD-44C003BB8281}"
	ProjectSection(ProjectDependencies) = postProject
		{1D9BDE30-80F6-4EE5-9195-63B1B4B1F23A} = {1D9BDE30-80F6-4EE5-9195-63B1B4B1F23A}
	EndProjectSection
EndProject
Project("{FAE04EC0-301F-11D3-BF4B-00C04F79EFBC}") = "Goul.Core", "Goul.Core\Goul.Core.csproj", "{1D9BDE30-80F6-4EE5-9195-63B1B4B1F23A}"
EndProject
Project("{2150E333-8FDC-42A3-9474-1A3956D46DE8}") = ".nuget", ".nuget", "{BFFE6E5B-7761-49C2-B81B-27E89F26474A}"
	ProjectSection(SolutionItems) = preProject
		.nuget\NuGet.Config = .nuget\NuGet.Config
		.nuget\NuGet.exe = .nuget\NuGet.exe
		.nuget\NuGet.targets = .nuget\NuGet.targets
		.nuget\packages.config = .nuget\packages.config
	EndProjectSection
EndProject
Project("{FAE04EC0-301F-11D3-BF4B-00C04F79EFBC}") = "Goul.Console.Core", "Goul.Console.Core\Goul.Console.Core.csproj", "{DEC58AF0-3D98-445A-8D54-31AEE7879941}"
EndProject
Project("{2150E333-8FDC-42A3-9474-1A3956D46DE8}") = "_legacy", "_legacy", "{E252907C-19B5-4DC1-BE0E-106811A99BE1}"
EndProject
Global
	GlobalSection(SolutionConfigurationPlatforms) = preSolution
		Debug|Any CPU = Debug|Any CPU
		Debug|Mixed Platforms = Debug|Mixed Platforms
		Debug|x86 = Debug|x86
		Release|Any CPU = Release|Any CPU
		Release|Mixed Platforms = Release|Mixed Platforms
		Release|x86 = Release|x86
	EndGlobalSection
	GlobalSection(ProjectConfigurationPlatforms) = postSolution
		{7CD88305-0C63-4C60-A89E-C47EB8942411}.Debug|Any CPU.ActiveCfg = Debug|Any CPU
		{7CD88305-0C63-4C60-A89E-C47EB8942411}.Debug|Any CPU.Build.0 = Debug|Any CPU
		{7CD88305-0C63-4C60-A89E-C47EB8942411}.Debug|Mixed Platforms.ActiveCfg = Debug|Any CPU
		{7CD88305-0C63-4C60-A89E-C47EB8942411}.Debug|Mixed Platforms.Build.0 = Debug|Any CPU
		{7CD88305-0C63-4C60-A89E-C47EB8942411}.Debug|x86.ActiveCfg = Debug|Any CPU
		{7CD88305-0C63-4C60-A89E-C47EB8942411}.Release|Any CPU.ActiveCfg = Release|Any CPU
		{7CD88305-0C63-4C60-A89E-C47EB8942411}.Release|Any CPU.Build.0 = Release|Any CPU
		{7CD88305-0C63-4C60-A89E-C47EB8942411}.Release|Mixed Platforms.ActiveCfg = Release|Any CPU
		{7CD88305-0C63-4C60-A89E-C47EB8942411}.Release|Mixed Platforms.Build.0 = Release|Any CPU
		{7CD88305-0C63-4C60-A89E-C47EB8942411}.Release|x86.ActiveCfg = Release|Any CPU
		{16833F9D-3814-4906-8EFD-44C003BB8281}.Debug|Any CPU.ActiveCfg = Debug|x86
		{16833F9D-3814-4906-8EFD-44C003BB8281}.Debug|Mixed Platforms.ActiveCfg = Debug|x86
		{16833F9D-3814-4906-8EFD-44C003BB8281}.Debug|Mixed Platforms.Build.0 = Debug|x86
		{16833F9D-3814-4906-8EFD-44C003BB8281}.Debug|x86.ActiveCfg = Debug|x86
		{16833F9D-3814-4906-8EFD-44C003BB8281}.Debug|x86.Build.0 = Debug|x86
		{16833F9D-3814-4906-8EFD-44C003BB8281}.Release|Any CPU.ActiveCfg = Release|x86
		{16833F9D-3814-4906-8EFD-44C003BB8281}.Release|Mixed Platforms.ActiveCfg = Release|x86
		{16833F9D-3814-4906-8EFD-44C003BB8281}.Release|Mixed Platforms.Build.0 = Release|x86
		{16833F9D-3814-4906-8EFD-44C003BB8281}.Release|x86.ActiveCfg = Release|x86
		{16833F9D-3814-4906-8EFD-44C003BB8281}.Release|x86.Build.0 = Release|x86
		{1D9BDE30-80F6-4EE5-9195-63B1B4B1F23A}.Debug|Any CPU.ActiveCfg = Debug|Any CPU
		{1D9BDE30-80F6-4EE5-9195-63B1B4B1F23A}.Debug|Any CPU.Build.0 = Debug|Any CPU
		{1D9BDE30-80F6-4EE5-9195-63B1B4B1F23A}.Debug|Mixed Platforms.ActiveCfg = Debug|Any CPU
		{1D9BDE30-80F6-4EE5-9195-63B1B4B1F23A}.Debug|Mixed Platforms.Build.0 = Debug|Any CPU
		{1D9BDE30-80F6-4EE5-9195-63B1B4B1F23A}.Debug|x86.ActiveCfg = Debug|Any CPU
		{1D9BDE30-80F6-4EE5-9195-63B1B4B1F23A}.Release|Any CPU.ActiveCfg = Release|Any CPU
		{1D9BDE30-80F6-4EE5-9195-63B1B4B1F23A}.Release|Any CPU.Build.0 = Release|Any CPU
		{1D9BDE30-80F6-4EE5-9195-63B1B4B1F23A}.Release|Mixed Platforms.ActiveCfg = Release|Any CPU
		{1D9BDE30-80F6-4EE5-9195-63B1B4B1F23A}.Release|Mixed Platforms.Build.0 = Release|Any CPU
		{1D9BDE30-80F6-4EE5-9195-63B1B4B1F23A}.Release|x86.ActiveCfg = Release|Any CPU
		{DEC58AF0-3D98-445A-8D54-31AEE7879941}.Debug|Any CPU.ActiveCfg = Debug|Any CPU
		{DEC58AF0-3D98-445A-8D54-31AEE7879941}.Debug|Any CPU.Build.0 = Debug|Any CPU
		{DEC58AF0-3D98-445A-8D54-31AEE7879941}.Debug|Mixed Platforms.ActiveCfg = Debug|Any CPU
		{DEC58AF0-3D98-445A-8D54-31AEE7879941}.Debug|Mixed Platforms.Build.0 = Debug|Any CPU
		{DEC58AF0-3D98-445A-8D54-31AEE7879941}.Debug|x86.ActiveCfg = Debug|Any CPU
		{DEC58AF0-3D98-445A-8D54-31AEE7879941}.Release|Any CPU.ActiveCfg = Release|Any CPU
		{DEC58AF0-3D98-445A-8D54-31AEE7879941}.Release|Any CPU.Build.0 = Release|Any CPU
		{DEC58AF0-3D98-445A-8D54-31AEE7879941}.Release|Mixed Platforms.ActiveCfg = Release|Any CPU
		{DEC58AF0-3D98-445A-8D54-31AEE7879941}.Release|Mixed Platforms.Build.0 = Release|Any CPU
		{DEC58AF0-3D98-445A-8D54-31AEE7879941}.Release|x86.ActiveCfg = Release|Any CPU
	EndGlobalSection
	GlobalSection(SolutionProperties) = preSolution
		HideSolutionNode = FALSE
	EndGlobalSection
	GlobalSection(NestedProjects) = preSolution
		{16833F9D-3814-4906-8EFD-44C003BB8281} = {E252907C-19B5-4DC1-BE0E-106811A99BE1}
		{7CD88305-0C63-4C60-A89E-C47EB8942411} = {E252907C-19B5-4DC1-BE0E-106811A99BE1}
		{DEC58AF0-3D98-445A-8D54-31AEE7879941} = {E252907C-19B5-4DC1-BE0E-106811A99BE1}
		{1D9BDE30-80F6-4EE5-9195-63B1B4B1F23A} = {E252907C-19B5-4DC1-BE0E-106811A99BE1}
	EndGlobalSection
EndGlobal
