
Microsoft Visual Studio Solution File, Format Version 11.00
# Visual Studio 2010
Project("{FAE04EC0-301F-11D3-BF4B-00C04F79EFBC}") = "DocumentUploader.Console", "DocumentUploader.Console\DocumentUploader.Console.csproj", "{3D5DE61F-E748-48A4-9787-10D5B3466780}"
EndProject
Project("{FAE04EC0-301F-11D3-BF4B-00C04F79EFBC}") = "DocumentUploader.Core", "DocumentUploader.Core\DocumentUploader.Core.csproj", "{360C768E-28DC-4B16-92BC-424B9A90FF43}"
EndProject
Project("{FAE04EC0-301F-11D3-BF4B-00C04F79EFBC}") = "DocumentUploader.UnitTests", "DocumentUploader.UnitTests\DocumentUploader.UnitTests.csproj", "{FBEF1675-F3D1-47B3-95B8-FEF03CC77F9A}"
EndProject
Project("{FAE04EC0-301F-11D3-BF4B-00C04F79EFBC}") = "DocumentUploader.IntegrationTests", "DocumentUploader.IntegrationTests\DocumentUploader.IntegrationTests.csproj", "{9514CCBE-E3D0-42EF-B995-98F011E5C670}"
EndProject
Project("{FAE04EC0-301F-11D3-BF4B-00C04F79EFBC}") = "Goul.Core", "Goul.Core\Goul.Core.csproj", "{BD321C2E-EBB8-45DE-B213-E50F6D8F1943}"
EndProject
Global
	GlobalSection(SolutionConfigurationPlatforms) = preSolution
		Debug|Any CPU = Debug|Any CPU
		Debug|Mixed Platforms = Debug|Mixed Platforms
		Debug|x86 = Debug|x86
		Release|Any CPU = Release|Any CPU
		Release|Mixed Platforms = Release|Mixed Platforms
		Release|x86 = Release|x86
	EndGlobalSection
	GlobalSection(ProjectConfigurationPlatforms) = postSolution
		{3D5DE61F-E748-48A4-9787-10D5B3466780}.Debug|Any CPU.ActiveCfg = Debug|x86
		{3D5DE61F-E748-48A4-9787-10D5B3466780}.Debug|Mixed Platforms.ActiveCfg = Debug|x86
		{3D5DE61F-E748-48A4-9787-10D5B3466780}.Debug|Mixed Platforms.Build.0 = Debug|x86
		{3D5DE61F-E748-48A4-9787-10D5B3466780}.Debug|x86.ActiveCfg = Debug|x86
		{3D5DE61F-E748-48A4-9787-10D5B3466780}.Debug|x86.Build.0 = Debug|x86
		{3D5DE61F-E748-48A4-9787-10D5B3466780}.Release|Any CPU.ActiveCfg = Release|x86
		{3D5DE61F-E748-48A4-9787-10D5B3466780}.Release|Mixed Platforms.ActiveCfg = Release|x86
		{3D5DE61F-E748-48A4-9787-10D5B3466780}.Release|Mixed Platforms.Build.0 = Release|x86
		{3D5DE61F-E748-48A4-9787-10D5B3466780}.Release|x86.ActiveCfg = Release|x86
		{3D5DE61F-E748-48A4-9787-10D5B3466780}.Release|x86.Build.0 = Release|x86
		{360C768E-28DC-4B16-92BC-424B9A90FF43}.Debug|Any CPU.ActiveCfg = Debug|Any CPU
		{360C768E-28DC-4B16-92BC-424B9A90FF43}.Debug|Any CPU.Build.0 = Debug|Any CPU
		{360C768E-28DC-4B16-92BC-424B9A90FF43}.Debug|Mixed Platforms.ActiveCfg = Debug|Any CPU
		{360C768E-28DC-4B16-92BC-424B9A90FF43}.Debug|Mixed Platforms.Build.0 = Debug|Any CPU
		{360C768E-28DC-4B16-92BC-424B9A90FF43}.Debug|x86.ActiveCfg = Debug|Any CPU
		{360C768E-28DC-4B16-92BC-424B9A90FF43}.Release|Any CPU.ActiveCfg = Release|Any CPU
		{360C768E-28DC-4B16-92BC-424B9A90FF43}.Release|Any CPU.Build.0 = Release|Any CPU
		{360C768E-28DC-4B16-92BC-424B9A90FF43}.Release|Mixed Platforms.ActiveCfg = Release|Any CPU
		{360C768E-28DC-4B16-92BC-424B9A90FF43}.Release|Mixed Platforms.Build.0 = Release|Any CPU
		{360C768E-28DC-4B16-92BC-424B9A90FF43}.Release|x86.ActiveCfg = Release|Any CPU
		{FBEF1675-F3D1-47B3-95B8-FEF03CC77F9A}.Debug|Any CPU.ActiveCfg = Debug|Any CPU
		{FBEF1675-F3D1-47B3-95B8-FEF03CC77F9A}.Debug|Any CPU.Build.0 = Debug|Any CPU
		{FBEF1675-F3D1-47B3-95B8-FEF03CC77F9A}.Debug|Mixed Platforms.ActiveCfg = Debug|Any CPU
		{FBEF1675-F3D1-47B3-95B8-FEF03CC77F9A}.Debug|Mixed Platforms.Build.0 = Debug|Any CPU
		{FBEF1675-F3D1-47B3-95B8-FEF03CC77F9A}.Debug|x86.ActiveCfg = Debug|Any CPU
		{FBEF1675-F3D1-47B3-95B8-FEF03CC77F9A}.Release|Any CPU.ActiveCfg = Release|Any CPU
		{FBEF1675-F3D1-47B3-95B8-FEF03CC77F9A}.Release|Any CPU.Build.0 = Release|Any CPU
		{FBEF1675-F3D1-47B3-95B8-FEF03CC77F9A}.Release|Mixed Platforms.ActiveCfg = Release|Any CPU
		{FBEF1675-F3D1-47B3-95B8-FEF03CC77F9A}.Release|Mixed Platforms.Build.0 = Release|Any CPU
		{FBEF1675-F3D1-47B3-95B8-FEF03CC77F9A}.Release|x86.ActiveCfg = Release|Any CPU
		{9514CCBE-E3D0-42EF-B995-98F011E5C670}.Debug|Any CPU.ActiveCfg = Debug|Any CPU
		{9514CCBE-E3D0-42EF-B995-98F011E5C670}.Debug|Any CPU.Build.0 = Debug|Any CPU
		{9514CCBE-E3D0-42EF-B995-98F011E5C670}.Debug|Mixed Platforms.ActiveCfg = Debug|Any CPU
		{9514CCBE-E3D0-42EF-B995-98F011E5C670}.Debug|Mixed Platforms.Build.0 = Debug|Any CPU
		{9514CCBE-E3D0-42EF-B995-98F011E5C670}.Debug|x86.ActiveCfg = Debug|Any CPU
		{9514CCBE-E3D0-42EF-B995-98F011E5C670}.Release|Any CPU.ActiveCfg = Release|Any CPU
		{9514CCBE-E3D0-42EF-B995-98F011E5C670}.Release|Any CPU.Build.0 = Release|Any CPU
		{9514CCBE-E3D0-42EF-B995-98F011E5C670}.Release|Mixed Platforms.ActiveCfg = Release|Any CPU
		{9514CCBE-E3D0-42EF-B995-98F011E5C670}.Release|Mixed Platforms.Build.0 = Release|Any CPU
		{9514CCBE-E3D0-42EF-B995-98F011E5C670}.Release|x86.ActiveCfg = Release|Any CPU
		{BD321C2E-EBB8-45DE-B213-E50F6D8F1943}.Debug|Any CPU.ActiveCfg = Debug|Any CPU
		{BD321C2E-EBB8-45DE-B213-E50F6D8F1943}.Debug|Any CPU.Build.0 = Debug|Any CPU
		{BD321C2E-EBB8-45DE-B213-E50F6D8F1943}.Debug|Mixed Platforms.ActiveCfg = Debug|Any CPU
		{BD321C2E-EBB8-45DE-B213-E50F6D8F1943}.Debug|Mixed Platforms.Build.0 = Debug|Any CPU
		{BD321C2E-EBB8-45DE-B213-E50F6D8F1943}.Debug|x86.ActiveCfg = Debug|Any CPU
		{BD321C2E-EBB8-45DE-B213-E50F6D8F1943}.Release|Any CPU.ActiveCfg = Release|Any CPU
		{BD321C2E-EBB8-45DE-B213-E50F6D8F1943}.Release|Any CPU.Build.0 = Release|Any CPU
		{BD321C2E-EBB8-45DE-B213-E50F6D8F1943}.Release|Mixed Platforms.ActiveCfg = Release|Any CPU
		{BD321C2E-EBB8-45DE-B213-E50F6D8F1943}.Release|Mixed Platforms.Build.0 = Release|Any CPU
		{BD321C2E-EBB8-45DE-B213-E50F6D8F1943}.Release|x86.ActiveCfg = Release|Any CPU
	EndGlobalSection
	GlobalSection(SolutionProperties) = preSolution
		HideSolutionNode = FALSE
	EndGlobalSection
EndGlobal
